github.com/bep/clocks v0.5.0 h1:hhvKVGLPQWRVsBP/UB7ErrHYIO42gINVbvqxvYTPVps=
github.com/bep/clocks v0.5.0/go.mod h1:SUq3q+OOq41y2lRQqH5fsOoxN8GbxSiT6jvoVVLCVhU=
github.com/bep/logg v0.4.0 h1:luAo5mO4ZkhA5M1iDVDqDqnBBnlHjmtZF6VAyTp+nCQ=
github.com/bep/logg v0.4.0/go.mod h1:Ccp9yP3wbR1mm++Kpxet91hAZBEQgmWgFgnXX3GkIV0=
github.com/gofrs/uuid v4.4.0+incompatible h1:3qXRTX8/NbyulANqlc0lchS1gqAVxRgsuW1YrTJupqA=
github.com/gofrs/uuid v4.4.0+incompatible/go.mod h1:b2aQJv3Z4Fp6yNu3cdSllBxTCLRxnplIgP/c0N/04lM=
github.com/mattn/go-sqlite3 v1.14.28 h1:ThEiQrnbtumT+QMknw63Befp/ce/nUPgBPMlRFEum7A=
github.com/mattn/go-sqlite3 v1.14.28/go.mod h1:Uh1q+B4BYcTPb+yiD3kU8Ct7aC0hY9fxUwlHK0RXw+Y=
github.com/pkg/errors v0.9.1 h1:FEBLx1zS214owpjy7qsBeixbURkuhQAwrK5UwLGTwt4=
github.com/pkg/errors v0.9.1/go.mod h1:bwawxfHBFNV+L2hUp1rHADufV3IMtnDRdf1r5NINEl0=
golang.org/x/crypto v0.37.0 h1:kJNSjF/Xp7kU0iB2Z+9viTPMW4EqqsrywMXLJOOsXSE=
golang.org/x/crypto v0.37.0/go.mod h1:vg+k43peMZ0pUMhYmVAWysMK35e6ioLh3wB8ZCAfbVc=
